
Microsoft Visual Studio Solution File, Format Version 12.00
# Visual Studio Version 16
VisualStudioVersion = 16.0.30907.101
MinimumVisualStudioVersion = 10.0.40219.1
Project("{FAE04EC0-301F-11D3-BF4B-00C04F79EFBC}") = "WordDocStorage", "WordDocStorage\WordDocStorage.csproj", "{D892BA02-1CB3-4403-A90B-D2DA4B88CA57}"
EndProject
Global
	GlobalSection(SolutionConfigurationPlatforms) = preSolution
		Debug|Any CPU = Debug|Any CPU
		Release|Any CPU = Release|Any CPU
	EndGlobalSection
	GlobalSection(ProjectConfigurationPlatforms) = postSolution
		{D892BA02-1CB3-4403-A90B-D2DA4B88CA57}.Debug|Any CPU.ActiveCfg = Debug|Any CPU
		{D892BA02-1CB3-4403-A90B-D2DA4B88CA57}.Debug|Any CPU.Build.0 = Debug|Any CPU
		{D892BA02-1CB3-4403-A90B-D2DA4B88CA57}.Release|Any CPU.ActiveCfg = Release|Any CPU
		{D892BA02-1CB3-4403-A90B-D2DA4B88CA57}.Release|Any CPU.Build.0 = Release|Any CPU
	EndGlobalSection
	GlobalSection(SolutionProperties) = preSolution
		HideSolutionNode = FALSE
	EndGlobalSection
	GlobalSection(ExtensibilityGlobals) = postSolution
		SolutionGuid = {DB299C92-7A39-48E1-8A1E-2340FD3663A3}
	EndGlobalSection
EndGlobal
